lockfileVersion: 5.3

specifiers:
  '@cloudflare/kv-asset-handler': ^0.1.3
  esbuild: ^0.12.28

dependencies:
  '@cloudflare/kv-asset-handler': 0.1.3

devDependencies:
  esbuild: 0.12.28

packages:

  /@cloudflare/kv-asset-handler/0.1.3:
    resolution: {integrity: sha512-FNcunDuTmEfQTLRLtA6zz+buIXUHj1soPvSWzzQFBC+n2lsy+CGf/NIrR3SEPCmsVNQj70/Jx2lViCpq+09YpQ==}
    dependencies:
      mime: 2.5.2
    dev: false

  /esbuild/0.12.28:
    resolution: {integrity: sha512-pZ0FrWZXlvQOATlp14lRSk1N9GkeJ3vLIwOcUoo3ICQn9WNR4rWoNi81pbn6sC1iYUy7QPqNzI3+AEzokwyVcA==}
    hasBin: true
    requiresBuild: true
    dev: true

  /mime/2.5.2:
    resolution: {integrity: sha512-tqkh47FzKeCPD2PUiPB6pkbMzsCasjxAfC62/Wap5qrUWcb+sFasXUC5I3gYM5iBM8v/Qpn4UK0x+j0iHyFPDg==}
    engines: {node: '>=4.0.0'}
    hasBin: true
    dev: false
