lockfileVersion: 5.3

specifiers:
  '@cloudflare/kv-asset-handler': ^0.1.3
  esbuild: ^0.12.29

dependencies:
  '@cloudflare/kv-asset-handler': 0.1.3

devDependencies:
  esbuild: 0.12.29

packages:

  /@cloudflare/kv-asset-handler/0.1.3:
    resolution: {integrity: sha512-FNcunDuTmEfQTLRLtA6zz+buIXUHj1soPvSWzzQFBC+n2lsy+CGf/NIrR3SEPCmsVNQj70/Jx2lViCpq+09YpQ==}
    dependencies:
      mime: 2.6.0
    dev: false

  /esbuild/0.12.29:
    resolution: {integrity: sha512-w/XuoBCSwepyiZtIRsKsetiLDUVGPVw1E/R3VTFSecIy8UR7Cq3SOtwKHJMFoVqqVG36aGkzh4e8BvpO1Fdc7g==}
    hasBin: true
    requiresBuild: true
    dev: true

  /mime/2.6.0:
    resolution: {integrity: sha512-USPkMeET31rOMiarsBNIHZKLGgvKc/LrjofAnBlOttf5ajRvqiRA8QsenbcooctK6d6Ts6aqZXBA+XbkKthiQg==}
    engines: {node: '>=4.0.0'}
    hasBin: true
    dev: false
